// !$*UTF8*$!
{
	archiveVersion = 1;
	classes = {
	};
	objectVersion = 46;
	objects = {

/* Begin PBXBuildFile section */
		04B324491A00238A000B4100 /* AppDelegate.swift in Sources */ = {isa = PBXBuildFile; fileRef = 04B324481A00238A000B4100 /* AppDelegate.swift */; };
		04B3244B1A00238A000B4100 /* ViewController.swift in Sources */ = {isa = PBXBuildFile; fileRef = 04B3244A1A00238A000B4100 /* ViewController.swift */; };
		04B3244E1A00238A000B4100 /* Main.storyboard in Resources */ = {isa = PBXBuildFile; fileRef = 04B3244C1A00238A000B4100 /* Main.storyboard */; };
		04B324501A00238A000B4100 /* Images.xcassets in Resources */ = {isa = PBXBuildFile; fileRef = 04B3244F1A00238A000B4100 /* Images.xcassets */; };
		04B3245F1A00238A000B4100 /* animateDemoTests.swift in Sources */ = {isa = PBXBuildFile; fileRef = 04B3245E1A00238A000B4100 /* animateDemoTests.swift */; };
/* End PBXBuildFile section */

/* Begin PBXContainerItemProxy section */
		04B324591A00238A000B4100 /* PBXContainerItemProxy */ = {
			isa = PBXContainerItemProxy;
			containerPortal = 04B3243B1A00238A000B4100 /* Project object */;
			proxyType = 1;
			remoteGlobalIDString = 04B324421A00238A000B4100;
			remoteInfo = animateDemo;
		};
/* End PBXContainerItemProxy section */

/* Begin PBXFileReference section */
		04B324431A00238A000B4100 /* animateDemo.app */ = {isa = PBXFileReference; explicitFileType = wrapper.application; includeInIndex = 0; path = animateDemo.app; sourceTree = BUILT_PRODUCTS_DIR; };
		04B324471A00238A000B4100 /* Info.plist */ = {isa = PBXFileReference; lastKnownFileType = text.plist.xml; path = Info.plist; sourceTree = "<group>"; };
		04B324481A00238A000B4100 /* AppDelegate.swift */ = {isa = PBXFileReference; lastKnownFileType = sourcecode.swift; path = AppDelegate.swift; sourceTree = "<group>"; };
		04B3244A1A00238A000B4100 /* ViewController.swift */ = {isa = PBXFileReference; lastKnownFileType = sourcecode.swift; path = ViewController.swift; sourceTree = "<group>"; };
		04B3244D1A00238A000B4100 /* Base */ = {isa = PBXFileReference; lastKnownFileType = file.storyboard; name = Base; path = Base.lproj/Main.storyboard; sourceTree = "<group>"; };
		04B3244F1A00238A000B4100 /* Images.xcassets */ = {isa = PBXFileReference; lastKnownFileType = folder.assetcatalog; path = Images.xcassets; sourceTree = "<group>"; };
		04B324581A00238A000B4100 /* animateDemoTests.xctest */ = {isa = PBXFileReference; explicitFileType = wrapper.cfbundle; includeInIndex = 0; path = animateDemoTests.xctest; sourceTree = BUILT_PRODUCTS_DIR; };
		04B3245D1A00238A000B4100 /* Info.plist */ = {isa = PBXFileReference; lastKnownFileType = text.plist.xml; path = Info.plist; sourceTree = "<group>"; };
		04B3245E1A00238A000B4100 /* animateDemoTests.swift */ = {isa = PBXFileReference; lastKnownFileType = sourcecode.swift; path = animateDemoTests.swift; sourceTree = "<group>"; };
/* End PBXFileReference section */

/* Begin PBXFrameworksBuildPhase section */
		04B324401A00238A000B4100 /* Frameworks */ = {
			isa = PBXFrameworksBuildPhase;
			buildActionMask = 2147483647;
			files = (
			);
			runOnlyForDeploymentPostprocessing = 0;
		};
		04B324551A00238A000B4100 /* Frameworks */ = {
			isa = PBXFrameworksBuildPhase;
			buildActionMask = 2147483647;
			files = (
			);
			runOnlyForDeploymentPostprocessing = 0;
		};
/* End PBXFrameworksBuildPhase section */

/* Begin PBXGroup section */
		04B3243A1A00238A000B4100 = {
			isa = PBXGroup;
			children = (
				04B324451A00238A000B4100 /* animateDemo */,
				04B3245B1A00238A000B4100 /* animateDemoTests */,
				04B324441A00238A000B4100 /* Products */,
			);
			sourceTree = "<group>";
		};
		04B324441A00238A000B4100 /* Products */ = {
			isa = PBXGroup;
			children = (
				04B324431A00238A000B4100 /* animateDemo.app */,
				04B324581A00238A000B4100 /* animateDemoTests.xctest */,
			);
			name = Products;
			sourceTree = "<group>";
		};
		04B324451A00238A000B4100 /* animateDemo */ = {
			isa = PBXGroup;
			children = (
				04B324481A00238A000B4100 /* AppDelegate.swift */,
				04B3244A1A00238A000B4100 /* ViewController.swift */,
				04B3244C1A00238A000B4100 /* Main.storyboard */,
				04B3244F1A00238A000B4100 /* Images.xcassets */,
				04B324461A00238A000B4100 /* Supporting Files */,
			);
			path = animateDemo;
			sourceTree = "<group>";
		};
		04B324461A00238A000B4100 /* Supporting Files */ = {
			isa = PBXGroup;
			children = (
				04B324471A00238A000B4100 /* Info.plist */,
			);
			name = "Supporting Files";
			sourceTree = "<group>";
		};
		04B3245B1A00238A000B4100 /* animateDemoTests */ = {
			isa = PBXGroup;
			children = (
				04B3245E1A00238A000B4100 /* animateDemoTests.swift */,
				04B3245C1A00238A000B4100 /* Supporting Files */,
			);
			path = animateDemoTests;
			sourceTree = "<group>";
		};
		04B3245C1A00238A000B4100 /* Supporting Files */ = {
			isa = PBXGroup;
			children = (
				04B3245D1A00238A000B4100 /* Info.plist */,
			);
			name = "Supporting Files";
			sourceTree = "<group>";
		};
/* End PBXGroup section */

/* Begin PBXNativeTarget section */
		04B324421A00238A000B4100 /* animateDemo */ = {
			isa = PBXNativeTarget;
			buildConfigurationList = 04B324621A00238A000B4100 /* Build configuration list for PBXNativeTarget "animateDemo" */;
			buildPhases = (
				04B3243F1A00238A000B4100 /* Sources */,
				04B324401A00238A000B4100 /* Frameworks */,
				04B324411A00238A000B4100 /* Resources */,
			);
			buildRules = (
			);
			dependencies = (
			);
			name = animateDemo;
			productName = animateDemo;
			productReference = 04B324431A00238A000B4100 /* animateDemo.app */;
			productType = "com.apple.product-type.application";
		};
		04B324571A00238A000B4100 /* animateDemoTests */ = {
			isa = PBXNativeTarget;
			buildConfigurationList = 04B324651A00238A000B4100 /* Build configuration list for PBXNativeTarget "animateDemoTests" */;
			buildPhases = (
				04B324541A00238A000B4100 /* Sources */,
				04B324551A00238A000B4100 /* Frameworks */,
				04B324561A00238A000B4100 /* Resources */,
			);
			buildRules = (
			);
			dependencies = (
				04B3245A1A00238A000B4100 /* PBXTargetDependency */,
			);
			name = animateDemoTests;
			productName = animateDemoTests;
			productReference = 04B324581A00238A000B4100 /* animateDemoTests.xctest */;
			productType = "com.apple.product-type.bundle.unit-test";
		};
/* End PBXNativeTarget section */

/* Begin PBXProject section */
		04B3243B1A00238A000B4100 /* Project object */ = {
			isa = PBXProject;
			attributes = {
				LastUpgradeCheck = 0610;
				ORGANIZATIONNAME = "Melinda Po";
				TargetAttributes = {
					04B324421A00238A000B4100 = {
						CreatedOnToolsVersion = 6.1;
					};
					04B324571A00238A000B4100 = {
						CreatedOnToolsVersion = 6.1;
						TestTargetID = 04B324421A00238A000B4100;
					};
				};
			};
			buildConfigurationList = 04B3243E1A00238A000B4100 /* Build configuration list for PBXProject "animateDemo" */;
			compatibilityVersion = "Xcode 3.2";
			developmentRegion = English;
			hasScannedForEncodings = 0;
			knownRegions = (
				en,
				Base,
			);
			mainGroup = 04B3243A1A00238A000B4100;
			productRefGroup = 04B324441A00238A000B4100 /* Products */;
			projectDirPath = "";
			projectRoot = "";
			targets = (
				04B324421A00238A000B4100 /* animateDemo */,
				04B324571A00238A000B4100 /* animateDemoTests */,
			);
		};
/* End PBXProject section */

/* Begin PBXResourcesBuildPhase section */
		04B324411A00238A000B4100 /* Resources */ = {
			isa = PBXResourcesBuildPhase;
			buildActionMask = 2147483647;
			files = (
				04B3244E1A00238A000B4100 /* Main.storyboard in Resources */,
				04B324501A00238A000B4100 /* Images.xcassets in Resources */,
			);
			runOnlyForDeploymentPostprocessing = 0;
		};
		04B324561A00238A000B4100 /* Resources */ = {
			isa = PBXResourcesBuildPhase;
			buildActionMask = 2147483647;
			files = (
			);
			runOnlyForDeploymentPostprocessing = 0;
		};
/* End PBXResourcesBuildPhase section */

/* Begin PBXSourcesBuildPhase section */
		04B3243F1A00238A000B4100 /* Sources */ = {
			isa = PBXSourcesBuildPhase;
			buildActionMask = 2147483647;
			files = (
				04B3244B1A00238A000B4100 /* ViewController.swift in Sources */,
				04B324491A00238A000B4100 /* AppDelegate.swift in Sources */,
			);
			runOnlyForDeploymentPostprocessing = 0;
		};
		04B324541A00238A000B4100 /* Sources */ = {
			isa = PBXSourcesBuildPhase;
			buildActionMask = 2147483647;
			files = (
				04B3245F1A00238A000B4100 /* animateDemoTests.swift in Sources */,
			);
			runOnlyForDeploymentPostprocessing = 0;
		};
/* End PBXSourcesBuildPhase section */

/* Begin PBXTargetDependency section */
		04B3245A1A00238A000B4100 /* PBXTargetDependency */ = {
			isa = PBXTargetDependency;
			target = 04B324421A00238A000B4100 /* animateDemo */;
			targetProxy = 04B324591A00238A000B4100 /* PBXContainerItemProxy */;
		};
/* End PBXTargetDependency section */

/* Begin PBXVariantGroup section */
		04B3244C1A00238A000B4100 /* Main.storyboard */ = {
			isa = PBXVariantGroup;
			children = (
				04B3244D1A00238A000B4100 /* Base */,
			);
			name = Main.storyboard;
			sourceTree = "<group>";
		};
/* End PBXVariantGroup section */

/* Begin XCBuildConfiguration section */
		04B324601A00238A000B4100 /* Debug */ = {
			isa = XCBuildConfiguration;
			buildSettings = {
				ALWAYS_SEARCH_USER_PATHS = NO;
				CLANG_CXX_LANGUAGE_STANDARD = "gnu++0x";
				CLANG_CXX_LIBRARY = "libc++";
				CLANG_ENABLE_MODULES = YES;
				CLANG_ENABLE_OBJC_ARC = YES;
				CLANG_WARN_BOOL_CONVERSION = YES;
				CLANG_WARN_CONSTANT_CONVERSION = YES;
				CLANG_WARN_DIRECT_OBJC_ISA_USAGE = YES_ERROR;
				CLANG_WARN_EMPTY_BODY = YES;
				CLANG_WARN_ENUM_CONVERSION = YES;
				CLANG_WARN_INT_CONVERSION = YES;
				CLANG_WARN_OBJC_ROOT_CLASS = YES_ERROR;
				CLANG_WARN_UNREACHABLE_CODE = YES;
				CLANG_WARN__DUPLICATE_METHOD_MATCH = YES;
				"CODE_SIGN_IDENTITY[sdk=iphoneos*]" = "iPhone Developer";
				COPY_PHASE_STRIP = NO;
				ENABLE_STRICT_OBJC_MSGSEND = YES;
				GCC_C_LANGUAGE_STANDARD = gnu99;
				GCC_DYNAMIC_NO_PIC = NO;
				GCC_OPTIMIZATION_LEVEL = 0;
				GCC_PREPROCESSOR_DEFINITIONS = (
					"DEBUG=1",
					"$(inherited)",
				);
				GCC_SYMBOLS_PRIVATE_EXTERN = NO;
				GCC_WARN_64_TO_32_BIT_CONVERSION = YES;
				GCC_WARN_ABOUT_RETURN_TYPE = YES_ERROR;
				GCC_WARN_UNDECLARED_SELECTOR = YES;
				GCC_WARN_UNINITIALIZED_AUTOS = YES_AGGRESSIVE;
				GCC_WARN_UNUSED_FUNCTION = YES;
				GCC_WARN_UNUSED_VARIABLE = YES;
				IPHONEOS_DEPLOYMENT_TARGET = 8.1;
				MTL_ENABLE_DEBUG_INFO = YES;
				ONLY_ACTIVE_ARCH = YES;
				SDKROOT = iphoneos;
				SWIFT_OPTIMIZATION_LEVEL = "-Onone";
			};
			name = Debug;
		};
		04B324611A00238A000B4100 /* Release */ = {
			isa = XCBuildConfiguration;
			buildSettings = {
				ALWAYS_SEARCH_USER_PATHS = NO;
				CLANG_CXX_LANGUAGE_STANDARD = "gnu++0x";
				CLANG_CXX_LIBRARY = "libc++";
				CLANG_ENABLE_MODULES = YES;
				CLANG_ENABLE_OBJC_ARC = YES;
				CLANG_WARN_BOOL_CONVERSION = YES;
				CLANG_WARN_CONSTANT_CONVERSION = YES;
				CLANG_WARN_DIRECT_OBJC_ISA_USAGE = YES_ERROR;
				CLANG_WARN_EMPTY_BODY = YES;
				CLANG_WARN_ENUM_CONVERSION = YES;
				CLANG_WARN_INT_CONVERSION = YES;
				CLANG_WARN_OBJC_ROOT_CLASS = YES_ERROR;
				CLANG_WARN_UNREACHABLE_CODE = YES;
				CLANG_WARN__DUPLICATE_METHOD_MATCH = YES;
				"CODE_SIGN_IDENTITY[sdk=iphoneos*]" = "iPhone Developer";
				COPY_PHASE_STRIP = YES;
				ENABLE_NS_ASSERTIONS = NO;
				ENABLE_STRICT_OBJC_MSGSEND = YES;
				GCC_C_LANGUAGE_STANDARD = gnu99;
				GCC_WARN_64_TO_32_BIT_CONVERSION = YES;
				GCC_WARN_ABOUT_RETURN_TYPE = YES_ERROR;
				GCC_WARN_UNDECLARED_SELECTOR = YES;
				GCC_WARN_UNINITIALIZED_AUTOS = YES_AGGRESSIVE;
				GCC_WARN_UNUSED_FUNCTION = YES;
				GCC_WARN_UNUSED_VARIABLE = YES;
				IPHONEOS_DEPLOYMENT_TARGET = 8.1;
				MTL_ENABLE_DEBUG_INFO = NO;
				SDKROOT = iphoneos;
				VALIDATE_PRODUCT = YES;
			};
			name = Release;
		};
		04B324631A00238A000B4100 /* Debug */ = {
			isa = XCBuildConfiguration;
			buildSettings = {
				ASSETCATALOG_COMPILER_APPICON_NAME = AppIcon;
				CODE_SIGN_IDENTITY = "iPhone Developer";
				INFOPLIST_FILE = animateDemo/Info.plist;
				LD_RUNPATH_SEARCH_PATHS = "$(inherited) @executable_path/Frameworks";
				PRODUCT_NAME = "$(TARGET_NAME)";
			};
			name = Debug;
		};
		04B324641A00238A000B4100 /* Release */ = {
			isa = XCBuildConfiguration;
			buildSettings = {
				ASSETCATALOG_COMPILER_APPICON_NAME = AppIcon;
				CODE_SIGN_IDENTITY = "iPhone Developer";
				INFOPLIST_FILE = animateDemo/Info.plist;
				LD_RUNPATH_SEARCH_PATHS = "$(inherited) @executable_path/Frameworks";
				PRODUCT_NAME = "$(TARGET_NAME)";
			};
			name = Release;
		};
		04B324661A00238A000B4100 /* Debug */ = {
			isa = XCBuildConfiguration;
			buildSettings = {
				BUNDLE_LOADER = "$(TEST_HOST)";
				FRAMEWORK_SEARCH_PATHS = (
					"$(SDKROOT)/Developer/Library/Frameworks",
					"$(inherited)",
				);
				GCC_PREPROCESSOR_DEFINITIONS = (
					"DEBUG=1",
					"$(inherited)",
				);
				INFOPLIST_FILE = animateDemoTests/Info.plist;
				LD_RUNPATH_SEARCH_PATHS = "$(inherited) @executable_path/Frameworks @loader_path/Frameworks";
				PRODUCT_NAME = "$(TARGET_NAME)";
				TEST_HOST = "$(BUILT_PRODUCTS_DIR)/animateDemo.app/animateDemo";
			};
			name = Debug;
		};
		04B324671A00238A000B4100 /* Release */ = {
			isa = XCBuildConfiguration;
			buildSettings = {
				BUNDLE_LOADER = "$(TEST_HOST)";
				FRAMEWORK_SEARCH_PATHS = (
					"$(SDKROOT)/Developer/Library/Frameworks",
					"$(inherited)",
				);
				INFOPLIST_FILE = animateDemoTests/Info.plist;
				LD_RUNPATH_SEARCH_PATHS = "$(inherited) @executable_path/Frameworks @loader_path/Frameworks";
				PRODUCT_NAME = "$(TARGET_NAME)";
				TEST_HOST = "$(BUILT_PRODUCTS_DIR)/animateDemo.app/animateDemo";
			};
			name = Release;
		};
/* End XCBuildConfiguration section */

/* Begin XCConfigurationList section */
		04B3243E1A00238A000B4100 /* Build configuration list for PBXProject "animateDemo" */ = {
			isa = XCConfigurationList;
			buildConfigurations = (
				04B324601A00238A000B4100 /* Debug */,
				04B324611A00238A000B4100 /* Release */,
			);
			defaultConfigurationIsVisible = 0;
			defaultConfigurationName = Release;
		};
		04B324621A00238A000B4100 /* Build configuration list for PBXNativeTarget "animateDemo" */ = {
			isa = XCConfigurationList;
			buildConfigurations = (
				04B324631A00238A000B4100 /* Debug */,
				04B324641A00238A000B4100 /* Release */,
			);
			defaultConfigurationIsVisible = 0;
		};
		04B324651A00238A000B4100 /* Build configuration list for PBXNativeTarget "animateDemoTests" */ = {
			isa = XCConfigurationList;
			buildConfigurations = (
				04B324661A00238A000B4100 /* Debug */,
				04B324671A00238A000B4100 /* Release */,
			);
			defaultConfigurationIsVisible = 0;
		};
/* End XCConfigurationList section */
	};
	rootObject = 04B3243B1A00238A000B4100 /* Project object */;
}
